
Microsoft Visual Studio Solution File, Format Version 12.00
# Visual Studio Version 17
VisualStudioVersion = 17.8.34511.84
MinimumVisualStudioVersion = 10.0.40219.1
Project("{FAE04EC0-301F-11D3-BF4B-00C04F79EFBC}") = "Geometry", "Geometry.csproj", "{34A1F1FF-0FFE-4AC3-AF9B-B3B5DB3ECB92}"
EndProject
Global
	GlobalSection(SolutionConfigurationPlatforms) = preSolution
		Debug|Any CPU = Debug|Any CPU
		Release|Any CPU = Release|Any CPU
	EndGlobalSection
	GlobalSection(ProjectConfigurationPlatforms) = postSolution
		{34A1F1FF-0FFE-4AC3-AF9B-B3B5DB3ECB92}.Debug|Any CPU.ActiveCfg = Debug|Any CPU
		{34A1F1FF-0FFE-4AC3-AF9B-B3B5DB3ECB92}.Debug|Any CPU.Build.0 = Debug|Any CPU
		{34A1F1FF-0FFE-4AC3-AF9B-B3B5DB3ECB92}.Release|Any CPU.ActiveCfg = Release|Any CPU
		{34A1F1FF-0FFE-4AC3-AF9B-B3B5DB3ECB92}.Release|Any CPU.Build.0 = Release|Any CPU
	EndGlobalSection
	GlobalSection(SolutionProperties) = preSolution
		HideSolutionNode = FALSE
	EndGlobalSection
	GlobalSection(ExtensibilityGlobals) = postSolution
		SolutionGuid = {91D6FE2D-0C6B-49BB-B720-04188832011E}
	EndGlobalSection
EndGlobal
